// !$*UTF8*$!
{
	archiveVersion = 1;
	classes = {
	};
	objectVersion = 46;
	objects = {

/* Begin PBXBuildFile section */
		044624AF1E8B98AE00143F4A /* main.m in Sources */ = {isa = PBXBuildFile; fileRef = 044624AE1E8B98AE00143F4A /* main.m */; };
		044624B21E8B98AE00143F4A /* AppDelegate.m in Sources */ = {isa = PBXBuildFile; fileRef = 044624B11E8B98AE00143F4A /* AppDelegate.m */; };
		044624B51E8B98AE00143F4A /* ViewController.m in Sources */ = {isa = PBXBuildFile; fileRef = 044624B41E8B98AE00143F4A /* ViewController.m */; };
		044624B81E8B98AE00143F4A /* Main.storyboard in Resources */ = {isa = PBXBuildFile; fileRef = 044624B61E8B98AE00143F4A /* Main.storyboard */; };
		044624BA1E8B98AE00143F4A /* Assets.xcassets in Resources */ = {isa = PBXBuildFile; fileRef = 044624B91E8B98AE00143F4A /* Assets.xcassets */; };
		044624BD1E8B98AE00143F4A /* LaunchScreen.storyboard in Resources */ = {isa = PBXBuildFile; fileRef = 044624BB1E8B98AE00143F4A /* LaunchScreen.storyboard */; };
		044624C71E8B98E800143F4A /* NSObject+PropertyListing.m in Sources */ = {isa = PBXBuildFile; fileRef = 044624C61E8B98E800143F4A /* NSObject+PropertyListing.m */; };
		044624CA1E8B9D0400143F4A /* OBJsonParse.m in Sources */ = {isa = PBXBuildFile; fileRef = 044624C91E8B9D0400143F4A /* OBJsonParse.m */; };
		044624CD1E8B9F7300143F4A /* Test.m in Sources */ = {isa = PBXBuildFile; fileRef = 044624CC1E8B9F7300143F4A /* Test.m */; };
/* End PBXBuildFile section */

/* Begin PBXFileReference section */
		044624AA1E8B98AE00143F4A /* OBJson.app */ = {isa = PBXFileReference; explicitFileType = wrapper.application; includeInIndex = 0; path = OBJson.app; sourceTree = BUILT_PRODUCTS_DIR; };
		044624AE1E8B98AE00143F4A /* main.m */ = {isa = PBXFileReference; lastKnownFileType = sourcecode.c.objc; path = main.m; sourceTree = "<group>"; };
		044624B01E8B98AE00143F4A /* AppDelegate.h */ = {isa = PBXFileReference; lastKnownFileType = sourcecode.c.h; path = AppDelegate.h; sourceTree = "<group>"; };
		044624B11E8B98AE00143F4A /* AppDelegate.m */ = {isa = PBXFileReference; lastKnownFileType = sourcecode.c.objc; path = AppDelegate.m; sourceTree = "<group>"; };
		044624B31E8B98AE00143F4A /* ViewController.h */ = {isa = PBXFileReference; lastKnownFileType = sourcecode.c.h; path = ViewController.h; sourceTree = "<group>"; };
		044624B41E8B98AE00143F4A /* ViewController.m */ = {isa = PBXFileReference; lastKnownFileType = sourcecode.c.objc; path = ViewController.m; sourceTree = "<group>"; };
		044624B71E8B98AE00143F4A /* Base */ = {isa = PBXFileReference; lastKnownFileType = file.storyboard; name = Base; path = Base.lproj/Main.storyboard; sourceTree = "<group>"; };
		044624B91E8B98AE00143F4A /* Assets.xcassets */ = {isa = PBXFileReference; lastKnownFileType = folder.assetcatalog; path = Assets.xcassets; sourceTree = "<group>"; };
		044624BC1E8B98AE00143F4A /* Base */ = {isa = PBXFileReference; lastKnownFileType = file.storyboard; name = Base; path = Base.lproj/LaunchScreen.storyboard; sourceTree = "<group>"; };
		044624BE1E8B98AE00143F4A /* Info.plist */ = {isa = PBXFileReference; lastKnownFileType = text.plist.xml; path = Info.plist; sourceTree = "<group>"; };
		044624C51E8B98E800143F4A /* NSObject+PropertyListing.h */ = {isa = PBXFileReference; fileEncoding = 4; lastKnownFileType = sourcecode.c.h; path = "NSObject+PropertyListing.h"; sourceTree = "<group>"; };
		044624C61E8B98E800143F4A /* NSObject+PropertyListing.m */ = {isa = PBXFileReference; fileEncoding = 4; lastKnownFileType = sourcecode.c.objc; path = "NSObject+PropertyListing.m"; sourceTree = "<group>"; };
		044624C81E8B9D0400143F4A /* OBJsonParse.h */ = {isa = PBXFileReference; fileEncoding = 4; lastKnownFileType = sourcecode.c.h; path = OBJsonParse.h; sourceTree = "<group>"; };
		044624C91E8B9D0400143F4A /* OBJsonParse.m */ = {isa = PBXFileReference; fileEncoding = 4; lastKnownFileType = sourcecode.c.objc; path = OBJsonParse.m; sourceTree = "<group>"; };
		044624CB1E8B9F7300143F4A /* Test.h */ = {isa = PBXFileReference; fileEncoding = 4; lastKnownFileType = sourcecode.c.h; path = Test.h; sourceTree = "<group>"; };
		044624CC1E8B9F7300143F4A /* Test.m */ = {isa = PBXFileReference; fileEncoding = 4; lastKnownFileType = sourcecode.c.objc; path = Test.m; sourceTree = "<group>"; };
/* End PBXFileReference section */

/* Begin PBXFrameworksBuildPhase section */
		044624A71E8B98AE00143F4A /* Frameworks */ = {
			isa = PBXFrameworksBuildPhase;
			buildActionMask = 2147483647;
			files = (
			);
			runOnlyForDeploymentPostprocessing = 0;
		};
/* End PBXFrameworksBuildPhase section */

/* Begin PBXGroup section */
		044624A11E8B98AE00143F4A = {
			isa = PBXGroup;
			children = (
				044624AC1E8B98AE00143F4A /* OBJson */,
				044624AB1E8B98AE00143F4A /* Products */,
			);
			sourceTree = "<group>";
		};
		044624AB1E8B98AE00143F4A /* Products */ = {
			isa = PBXGroup;
			children = (
				044624AA1E8B98AE00143F4A /* OBJson.app */,
			);
			name = Products;
			sourceTree = "<group>";
		};
		044624AC1E8B98AE00143F4A /* OBJson */ = {
			isa = PBXGroup;
			children = (
				044624C41E8B98BD00143F4A /* bean */,
				044624B01E8B98AE00143F4A /* AppDelegate.h */,
				044624B11E8B98AE00143F4A /* AppDelegate.m */,
				044624B31E8B98AE00143F4A /* ViewController.h */,
				044624B41E8B98AE00143F4A /* ViewController.m */,
				044624B61E8B98AE00143F4A /* Main.storyboard */,
				044624B91E8B98AE00143F4A /* Assets.xcassets */,
				044624BB1E8B98AE00143F4A /* LaunchScreen.storyboard */,
				044624BE1E8B98AE00143F4A /* Info.plist */,
				044624AD1E8B98AE00143F4A /* Supporting Files */,
			);
			path = OBJson;
			sourceTree = "<group>";
		};
		044624AD1E8B98AE00143F4A /* Supporting Files */ = {
			isa = PBXGroup;
			children = (
				044624AE1E8B98AE00143F4A /* main.m */,
			);
			name = "Supporting Files";
			sourceTree = "<group>";
		};
		044624C41E8B98BD00143F4A /* bean */ = {
			isa = PBXGroup;
			children = (
				044624C51E8B98E800143F4A /* NSObject+PropertyListing.h */,
				044624C61E8B98E800143F4A /* NSObject+PropertyListing.m */,
				044624C81E8B9D0400143F4A /* OBJsonParse.h */,
				044624C91E8B9D0400143F4A /* OBJsonParse.m */,
				044624CB1E8B9F7300143F4A /* Test.h */,
				044624CC1E8B9F7300143F4A /* Test.m */,
			);
			name = bean;
			sourceTree = "<group>";
		};
/* End PBXGroup section */

/* Begin PBXNativeTarget section */
		044624A91E8B98AE00143F4A /* OBJson */ = {
			isa = PBXNativeTarget;
			buildConfigurationList = 044624C11E8B98AE00143F4A /* Build configuration list for PBXNativeTarget "OBJson" */;
			buildPhases = (
				044624A61E8B98AE00143F4A /* Sources */,
				044624A71E8B98AE00143F4A /* Frameworks */,
				044624A81E8B98AE00143F4A /* Resources */,
			);
			buildRules = (
			);
			dependencies = (
			);
			name = OBJson;
			productName = OBJson;
			productReference = 044624AA1E8B98AE00143F4A /* OBJson.app */;
			productType = "com.apple.product-type.application";
		};
/* End PBXNativeTarget section */

/* Begin PBXProject section */
		044624A21E8B98AE00143F4A /* Project object */ = {
			isa = PBXProject;
			attributes = {
				LastUpgradeCheck = 0820;
				ORGANIZATIONNAME = yf;
				TargetAttributes = {
					044624A91E8B98AE00143F4A = {
						CreatedOnToolsVersion = 8.2.1;
						DevelopmentTeam = XVY3N8ARKZ;
						ProvisioningStyle = Automatic;
					};
				};
			};
			buildConfigurationList = 044624A51E8B98AE00143F4A /* Build configuration list for PBXProject "OBJson" */;
			compatibilityVersion = "Xcode 3.2";
			developmentRegion = English;
			hasScannedForEncodings = 0;
			knownRegions = (
				en,
				Base,
			);
			mainGroup = 044624A11E8B98AE00143F4A;
			productRefGroup = 044624AB1E8B98AE00143F4A /* Products */;
			projectDirPath = "";
			projectRoot = "";
			targets = (
				044624A91E8B98AE00143F4A /* OBJson */,
			);
		};
/* End PBXProject section */

/* Begin PBXResourcesBuildPhase section */
		044624A81E8B98AE00143F4A /* Resources */ = {
			isa = PBXResourcesBuildPhase;
			buildActionMask = 2147483647;
			files = (
				044624BD1E8B98AE00143F4A /* LaunchScreen.storyboard in Resources */,
				044624BA1E8B98AE00143F4A /* Assets.xcassets in Resources */,
				044624B81E8B98AE00143F4A /* Main.storyboard in Resources */,
			);
			runOnlyForDeploymentPostprocessing = 0;
		};
/* End PBXResourcesBuildPhase section */

/* Begin PBXSourcesBuildPhase section */
		044624A61E8B98AE00143F4A /* Sources */ = {
			isa = PBXSourcesBuildPhase;
			buildActionMask = 2147483647;
			files = (
				044624B51E8B98AE00143F4A /* ViewController.m in Sources */,
				044624CA1E8B9D0400143F4A /* OBJsonParse.m in Sources */,
				044624B21E8B98AE00143F4A /* AppDelegate.m in Sources */,
				044624CD1E8B9F7300143F4A /* Test.m in Sources */,
				044624AF1E8B98AE00143F4A /* main.m in Sources */,
				044624C71E8B98E800143F4A /* NSObject+PropertyListing.m in Sources */,
			);
			runOnlyForDeploymentPostprocessing = 0;
		};
/* End PBXSourcesBuildPhase section */

/* Begin PBXVariantGroup section */
		044624B61E8B98AE00143F4A /* Main.storyboard */ = {
			isa = PBXVariantGroup;
			children = (
				044624B71E8B98AE00143F4A /* Base */,
			);
			name = Main.storyboard;
			sourceTree = "<group>";
		};
		044624BB1E8B98AE00143F4A /* LaunchScreen.storyboard */ = {
			isa = PBXVariantGroup;
			children = (
				044624BC1E8B98AE00143F4A /* Base */,
			);
			name = LaunchScreen.storyboard;
			sourceTree = "<group>";
		};
/* End PBXVariantGroup section */

/* Begin XCBuildConfiguration section */
		044624BF1E8B98AE00143F4A /* Debug */ = {
			isa = XCBuildConfiguration;
			buildSettings = {
				ALWAYS_SEARCH_USER_PATHS = NO;
				CLANG_ANALYZER_NONNULL = YES;
				CLANG_CXX_LANGUAGE_STANDARD = "gnu++0x";
				CLANG_CXX_LIBRARY = "libc++";
				CLANG_ENABLE_MODULES = YES;
				CLANG_ENABLE_OBJC_ARC = YES;
				CLANG_WARN_BOOL_CONVERSION = YES;
				CLANG_WARN_CONSTANT_CONVERSION = YES;
				CLANG_WARN_DIRECT_OBJC_ISA_USAGE = YES_ERROR;
				CLANG_WARN_DOCUMENTATION_COMMENTS = YES;
				CLANG_WARN_EMPTY_BODY = YES;
				CLANG_WARN_ENUM_CONVERSION = YES;
				CLANG_WARN_INFINITE_RECURSION = YES;
				CLANG_WARN_INT_CONVERSION = YES;
				CLANG_WARN_OBJC_ROOT_CLASS = YES_ERROR;
				CLANG_WARN_SUSPICIOUS_MOVE = YES;
				CLANG_WARN_UNREACHABLE_CODE = YES;
				CLANG_WARN__DUPLICATE_METHOD_MATCH = YES;
				"CODE_SIGN_IDENTITY[sdk=iphoneos*]" = "iPhone Developer";
				COPY_PHASE_STRIP = NO;
				DEBUG_INFORMATION_FORMAT = dwarf;
				ENABLE_STRICT_OBJC_MSGSEND = YES;
				ENABLE_TESTABILITY = YES;
				GCC_C_LANGUAGE_STANDARD = gnu99;
				GCC_DYNAMIC_NO_PIC = NO;
				GCC_NO_COMMON_BLOCKS = YES;
				GCC_OPTIMIZATION_LEVEL = 0;
				GCC_PREPROCESSOR_DEFINITIONS = (
					"DEBUG=1",
					"$(inherited)",
				);
				GCC_WARN_64_TO_32_BIT_CONVERSION = YES;
				GCC_WARN_ABOUT_RETURN_TYPE = YES_ERROR;
				GCC_WARN_UNDECLARED_SELECTOR = YES;
				GCC_WARN_UNINITIALIZED_AUTOS = YES_AGGRESSIVE;
				GCC_WARN_UNUSED_FUNCTION = YES;
				GCC_WARN_UNUSED_VARIABLE = YES;
				IPHONEOS_DEPLOYMENT_TARGET = 10.2;
				MTL_ENABLE_DEBUG_INFO = YES;
				ONLY_ACTIVE_ARCH = YES;
				SDKROOT = iphoneos;
			};
			name = Debug;
		};
		044624C01E8B98AE00143F4A /* Release */ = {
			isa = XCBuildConfiguration;
			buildSettings = {
				ALWAYS_SEARCH_USER_PATHS = NO;
				CLANG_ANALYZER_NONNULL = YES;
				CLANG_CXX_LANGUAGE_STANDARD = "gnu++0x";
				CLANG_CXX_LIBRARY = "libc++";
				CLANG_ENABLE_MODULES = YES;
				CLANG_ENABLE_OBJC_ARC = YES;
				CLANG_WARN_BOOL_CONVERSION = YES;
				CLANG_WARN_CONSTANT_CONVERSION = YES;
				CLANG_WARN_DIRECT_OBJC_ISA_USAGE = YES_ERROR;
				CLANG_WARN_DOCUMENTATION_COMMENTS = YES;
				CLANG_WARN_EMPTY_BODY = YES;
				CLANG_WARN_ENUM_CONVERSION = YES;
				CLANG_WARN_INFINITE_RECURSION = YES;
				CLANG_WARN_INT_CONVERSION = YES;
				CLANG_WARN_OBJC_ROOT_CLASS = YES_ERROR;
				CLANG_WARN_SUSPICIOUS_MOVE = YES;
				CLANG_WARN_UNREACHABLE_CODE = YES;
				CLANG_WARN__DUPLICATE_METHOD_MATCH = YES;
				"CODE_SIGN_IDENTITY[sdk=iphoneos*]" = "iPhone Developer";
				COPY_PHASE_STRIP = NO;
				DEBUG_INFORMATION_FORMAT = "dwarf-with-dsym";
				ENABLE_NS_ASSERTIONS = NO;
				ENABLE_STRICT_OBJC_MSGSEND = YES;
				GCC_C_LANGUAGE_STANDARD = gnu99;
				GCC_NO_COMMON_BLOCKS = YES;
				GCC_WARN_64_TO_32_BIT_CONVERSION = YES;
				GCC_WARN_ABOUT_RETURN_TYPE = YES_ERROR;
				GCC_WARN_UNDECLARED_SELECTOR = YES;
				GCC_WARN_UNINITIALIZED_AUTOS = YES_AGGRESSIVE;
				GCC_WARN_UNUSED_FUNCTION = YES;
				GCC_WARN_UNUSED_VARIABLE = YES;
				IPHONEOS_DEPLOYMENT_TARGET = 10.2;
				MTL_ENABLE_DEBUG_INFO = NO;
				SDKROOT = iphoneos;
				VALIDATE_PRODUCT = YES;
			};
			name = Release;
		};
		044624C21E8B98AE00143F4A /* Debug */ = {
			isa = XCBuildConfiguration;
			buildSettings = {
				ASSETCATALOG_COMPILER_APPICON_NAME = AppIcon;
				DEVELOPMENT_TEAM = XVY3N8ARKZ;
				INFOPLIST_FILE = OBJson/Info.plist;
				LD_RUNPATH_SEARCH_PATHS = "$(inherited) @executable_path/Frameworks";
				PRODUCT_BUNDLE_IDENTIFIER = com.yf.OBJson;
				PRODUCT_NAME = "$(TARGET_NAME)";
			};
			name = Debug;
		};
		044624C31E8B98AE00143F4A /* Release */ = {
			isa = XCBuildConfiguration;
			buildSettings = {
				ASSETCATALOG_COMPILER_APPICON_NAME = AppIcon;
				DEVELOPMENT_TEAM = XVY3N8ARKZ;
				INFOPLIST_FILE = OBJson/Info.plist;
				LD_RUNPATH_SEARCH_PATHS = "$(inherited) @executable_path/Frameworks";
				PRODUCT_BUNDLE_IDENTIFIER = com.yf.OBJson;
				PRODUCT_NAME = "$(TARGET_NAME)";
			};
			name = Release;
		};
/* End XCBuildConfiguration section */

/* Begin XCConfigurationList section */
		044624A51E8B98AE00143F4A /* Build configuration list for PBXProject "OBJson" */ = {
			isa = XCConfigurationList;
			buildConfigurations = (
				044624BF1E8B98AE00143F4A /* Debug */,
				044624C01E8B98AE00143F4A /* Release */,
			);
			defaultConfigurationIsVisible = 0;
			defaultConfigurationName = Release;
		};
		044624C11E8B98AE00143F4A /* Build configuration list for PBXNativeTarget "OBJson" */ = {
			isa = XCConfigurationList;
			buildConfigurations = (
				044624C21E8B98AE00143F4A /* Debug */,
				044624C31E8B98AE00143F4A /* Release */,
			);
			defaultConfigurationIsVisible = 0;
		};
/* End XCConfigurationList section */
	};
	rootObject = 044624A21E8B98AE00143F4A /* Project object */;
}
